{
  "name": "workerd-streams-repro",
  "version": "1.0.0",
  "lockfileVersion": 2,
  "requires": true,
  "packages": {
    "": {
      "name": "workerd-streams-repro",
      "version": "1.0.0",
      "license": "ISC",
      "dependencies": {
        "workerd": "^1.20220926.3"
      }
    },
    "node_modules/@cloudflare/workerd-darwin-64": {
      "version": "1.20220926.1",
      "resolved": "https://registry.npmjs.org/@cloudflare/workerd-darwin-64/-/workerd-darwin-64-1.20220926.1.tgz",
      "integrity": "sha512-4P6+VyQENJPGgIzkSVuCDTwOeEnZUzC3AzlAaR4AVDOAyCtSQCztn43ydB7OxAyNuh/6pNpgPV+px7EVmRCJGg==",
      "cpu": [
        "x64"
      ],
      "optional": true,
      "os": [
        "darwin"
      ],
      "engines": {
        "node": ">=16"
      }
    },
    "node_modules/@cloudflare/workerd-darwin-arm64": {
      "version": "1.20220926.1",
      "resolved": "https://registry.npmjs.org/@cloudflare/workerd-darwin-arm64/-/workerd-darwin-arm64-1.20220926.1.tgz",
      "integrity": "sha512-jWVxVsUDggsZPBusmzcj5ZxYjMPWJDfcYvwp2O9IIZaKaYLrr+SIablGxLwSevGxOaFtyTvl+auLBCr+FMLwXw==",
      "cpu": [
        "arm64"
      ],
      "optional": true,
      "os": [
        "darwin"
      ],
      "engines": {
        "node": ">=16"
      }
    },
    "node_modules/@cloudflare/workerd-linux-64": {
      "version": "1.20220926.2",
      "resolved": "https://registry.npmjs.org/@cloudflare/workerd-linux-64/-/workerd-linux-64-1.20220926.2.tgz",
      "integrity": "sha512-f+xS32N7fwzYTphiPdoonZCgr46arw5gaH0tcJGrHpIy6f2aCnHd9SvoI53YJ7SVqfHX1o8eXvOZJ3F5CrHWrw==",
      "cpu": [
        "x64"
      ],
      "optional": true,
      "os": [
        "linux"
      ],
      "engines": {
        "node": ">=16"
      }
    },
    "node_modules/@cloudflare/workerd-linux-arm64": {
      "version": "1.20220926.1",
      "resolved": "https://registry.npmjs.org/@cloudflare/workerd-linux-arm64/-/workerd-linux-arm64-1.20220926.1.tgz",
      "integrity": "sha512-PY4mYaKybLlhvkaXEs/wG4mFqmc2FQ71mBWWjUPjpcUe+Zhyhy/viDbq2MhjcryV5o69GPe4jHTVAe/PyKC6BA==",
      "cpu": [
        "arm64"
      ],
      "optional": true,
      "os": [
        "linux"
      ],
      "engines": {
        "node": ">=16"
      }
    },
    "node_modules/workerd": {
      "version": "1.20220926.3",
      "resolved": "https://registry.npmjs.org/workerd/-/workerd-1.20220926.3.tgz",
      "integrity": "sha512-/lmXRhgLixIkNNwsrFquPlT+qgFD71QbYJ8qroYQVL2hQVOuqw5N4TzMZS6gaNtVW+EUUnps+t/zbz98vjeuTg==",
      "bin": {
        "workerd": "bin/workerd"
      },
      "engines": {
        "node": ">=16"
      },
      "optionalDependencies": {
        "@cloudflare/workerd-darwin-64": "^1.20220926.0",
        "@cloudflare/workerd-darwin-arm64": "^1.20220926.0",
        "@cloudflare/workerd-linux-64": "^1.20220926.0",
        "@cloudflare/workerd-linux-arm64": "^1.20220926.0"
      }
    }
  },
  "dependencies": {
    "@cloudflare/workerd-darwin-64": {
      "version": "1.20220926.1",
      "resolved": "https://registry.npmjs.org/@cloudflare/workerd-darwin-64/-/workerd-darwin-64-1.20220926.1.tgz",
      "integrity": "sha512-4P6+VyQENJPGgIzkSVuCDTwOeEnZUzC3AzlAaR4AVDOAyCtSQCztn43ydB7OxAyNuh/6pNpgPV+px7EVmRCJGg==",
      "optional": true
    },
    "@cloudflare/workerd-darwin-arm64": {
      "version": "1.20220926.1",
      "resolved": "https://registry.npmjs.org/@cloudflare/workerd-darwin-arm64/-/workerd-darwin-arm64-1.20220926.1.tgz",
      "integrity": "sha512-jWVxVsUDggsZPBusmzcj5ZxYjMPWJDfcYvwp2O9IIZaKaYLrr+SIablGxLwSevGxOaFtyTvl+auLBCr+FMLwXw==",
      "optional": true
    },
    "@cloudflare/workerd-linux-64": {
      "version": "1.20220926.2",
      "resolved": "https://registry.npmjs.org/@cloudflare/workerd-linux-64/-/workerd-linux-64-1.20220926.2.tgz",
      "integrity": "sha512-f+xS32N7fwzYTphiPdoonZCgr46arw5gaH0tcJGrHpIy6f2aCnHd9SvoI53YJ7SVqfHX1o8eXvOZJ3F5CrHWrw==",
      "optional": true
    },
    "@cloudflare/workerd-linux-arm64": {
      "version": "1.20220926.1",
      "resolved": "https://registry.npmjs.org/@cloudflare/workerd-linux-arm64/-/workerd-linux-arm64-1.20220926.1.tgz",
      "integrity": "sha512-PY4mYaKybLlhvkaXEs/wG4mFqmc2FQ71mBWWjUPjpcUe+Zhyhy/viDbq2MhjcryV5o69GPe4jHTVAe/PyKC6BA==",
      "optional": true
    },
    "workerd": {
      "version": "1.20220926.3",
      "resolved": "https://registry.npmjs.org/workerd/-/workerd-1.20220926.3.tgz",
      "integrity": "sha512-/lmXRhgLixIkNNwsrFquPlT+qgFD71QbYJ8qroYQVL2hQVOuqw5N4TzMZS6gaNtVW+EUUnps+t/zbz98vjeuTg==",
      "requires": {
        "@cloudflare/workerd-darwin-64": "^1.20220926.0",
        "@cloudflare/workerd-darwin-arm64": "^1.20220926.0",
        "@cloudflare/workerd-linux-64": "^1.20220926.0",
        "@cloudflare/workerd-linux-arm64": "^1.20220926.0"
      }
    }
  }
}
